
Microsoft Visual Studio Solution File, Format Version 12.00
# Visual Studio 15
VisualStudioVersion = 15.0.26730.16
MinimumVisualStudioVersion = 10.0.40219.1
Project("{9A19103F-16F7-4668-BE54-9A1E7A4F7556}") = "CS-Core-Console", "CS-Core-Console\CS-Core-Console.csproj", "{77A7FD92-5EAB-4550-8105-9C3BC9B1159F}"
EndProject
Project("{FAE04EC0-301F-11D3-BF4B-00C04F79EFBC}") = "CS-Net-Console", "CS-Net-Console\CS-Net-Console.csproj", "{DDF384C7-4597-4408-A7E1-8943C21A77D6}"
EndProject
Project("{8BC9CEB8-8B4A-11D0-8D11-00A0C91BC942}") = "CPP-Console", "CPP-Console\CPP-Console.vcxproj", "{624D7652-287B-4B25-BB42-04B90E461DA0}"
EndProject
Project("{9A19103F-16F7-4668-BE54-9A1E7A4F7556}") = "CS-Core-Library", "CS-Core-Library\CS-Core-Library.csproj", "{FC41F373-3059-4EC1-9F36-1449ECC3B065}"
EndProject
Project("{9A19103F-16F7-4668-BE54-9A1E7A4F7556}") = "CS-Net-Library", "CS-Net-Library\CS-Net-Library.csproj", "{0BD4F1A1-E887-44D3-B2DF-B52780A63AB9}"
EndProject
Project("{8BC9CEB8-8B4A-11D0-8D11-00A0C91BC942}") = "CPP-Library", "CPP-Library\CPP-Library.vcxproj", "{00DFD198-B4B4-40F0-B0AB-56DFF19B5A51}"
EndProject
Project("{FAE04EC0-301F-11D3-BF4B-00C04F79EFBC}") = "CS-iOS-App", "CS-iOS-App\CS-iOS-App.csproj", "{9D28B2BB-AF5C-476B-B7B2-D90BDC764FA1}"
EndProject
Global
	GlobalSection(SolutionConfigurationPlatforms) = preSolution
		Ad-Hoc|Any CPU = Ad-Hoc|Any CPU
		Ad-Hoc|iPhone = Ad-Hoc|iPhone
		Ad-Hoc|iPhoneSimulator = Ad-Hoc|iPhoneSimulator
		Ad-Hoc|x64 = Ad-Hoc|x64
		Ad-Hoc|x86 = Ad-Hoc|x86
		AppStore|Any CPU = AppStore|Any CPU
		AppStore|iPhone = AppStore|iPhone
		AppStore|iPhoneSimulator = AppStore|iPhoneSimulator
		AppStore|x64 = AppStore|x64
		AppStore|x86 = AppStore|x86
		Debug|Any CPU = Debug|Any CPU
		Debug|iPhone = Debug|iPhone
		Debug|iPhoneSimulator = Debug|iPhoneSimulator
		Debug|x64 = Debug|x64
		Debug|x86 = Debug|x86
		Release|Any CPU = Release|Any CPU
		Release|iPhone = Release|iPhone
		Release|iPhoneSimulator = Release|iPhoneSimulator
		Release|x64 = Release|x64
		Release|x86 = Release|x86
	EndGlobalSection
	GlobalSection(ProjectConfigurationPlatforms) = postSolution
		{77A7FD92-5EAB-4550-8105-9C3BC9B1159F}.Ad-Hoc|Any CPU.ActiveCfg = Release|Any CPU
		{77A7FD92-5EAB-4550-8105-9C3BC9B1159F}.Ad-Hoc|Any CPU.Build.0 = Release|Any CPU
		{77A7FD92-5EAB-4550-8105-9C3BC9B1159F}.Ad-Hoc|iPhone.ActiveCfg = Release|Any CPU
		{77A7FD92-5EAB-4550-8105-9C3BC9B1159F}.Ad-Hoc|iPhone.Build.0 = Release|Any CPU
		{77A7FD92-5EAB-4550-8105-9C3BC9B1159F}.Ad-Hoc|iPhoneSimulator.ActiveCfg = Release|Any CPU
		{77A7FD92-5EAB-4550-8105-9C3BC9B1159F}.Ad-Hoc|iPhoneSimulator.Build.0 = Release|Any CPU
		{77A7FD92-5EAB-4550-8105-9C3BC9B1159F}.Ad-Hoc|x64.ActiveCfg = Release|Any CPU
		{77A7FD92-5EAB-4550-8105-9C3BC9B1159F}.Ad-Hoc|x64.Build.0 = Release|Any CPU
		{77A7FD92-5EAB-4550-8105-9C3BC9B1159F}.Ad-Hoc|x86.ActiveCfg = Release|Any CPU
		{77A7FD92-5EAB-4550-8105-9C3BC9B1159F}.Ad-Hoc|x86.Build.0 = Release|Any CPU
		{77A7FD92-5EAB-4550-8105-9C3BC9B1159F}.AppStore|Any CPU.ActiveCfg = Release|Any CPU
		{77A7FD92-5EAB-4550-8105-9C3BC9B1159F}.AppStore|Any CPU.Build.0 = Release|Any CPU
		{77A7FD92-5EAB-4550-8105-9C3BC9B1159F}.AppStore|iPhone.ActiveCfg = Release|Any CPU
		{77A7FD92-5EAB-4550-8105-9C3BC9B1159F}.AppStore|iPhone.Build.0 = Release|Any CPU
		{77A7FD92-5EAB-4550-8105-9C3BC9B1159F}.AppStore|iPhoneSimulator.ActiveCfg = Release|Any CPU
		{77A7FD92-5EAB-4550-8105-9C3BC9B1159F}.AppStore|iPhoneSimulator.Build.0 = Release|Any CPU
		{77A7FD92-5EAB-4550-8105-9C3BC9B1159F}.AppStore|x64.ActiveCfg = Release|Any CPU
		{77A7FD92-5EAB-4550-8105-9C3BC9B1159F}.AppStore|x64.Build.0 = Release|Any CPU
		{77A7FD92-5EAB-4550-8105-9C3BC9B1159F}.AppStore|x86.ActiveCfg = Release|Any CPU
		{77A7FD92-5EAB-4550-8105-9C3BC9B1159F}.AppStore|x86.Build.0 = Release|Any CPU
		{77A7FD92-5EAB-4550-8105-9C3BC9B1159F}.Debug|Any CPU.ActiveCfg = Debug|Any CPU
		{77A7FD92-5EAB-4550-8105-9C3BC9B1159F}.Debug|Any CPU.Build.0 = Debug|Any CPU
		{77A7FD92-5EAB-4550-8105-9C3BC9B1159F}.Debug|iPhone.ActiveCfg = Debug|Any CPU
		{77A7FD92-5EAB-4550-8105-9C3BC9B1159F}.Debug|iPhone.Build.0 = Debug|Any CPU
		{77A7FD92-5EAB-4550-8105-9C3BC9B1159F}.Debug|iPhoneSimulator.ActiveCfg = Debug|Any CPU
		{77A7FD92-5EAB-4550-8105-9C3BC9B1159F}.Debug|iPhoneSimulator.Build.0 = Debug|Any CPU
		{77A7FD92-5EAB-4550-8105-9C3BC9B1159F}.Debug|x64.ActiveCfg = Debug|Any CPU
		{77A7FD92-5EAB-4550-8105-9C3BC9B1159F}.Debug|x64.Build.0 = Debug|Any CPU
		{77A7FD92-5EAB-4550-8105-9C3BC9B1159F}.Debug|x86.ActiveCfg = Debug|Any CPU
		{77A7FD92-5EAB-4550-8105-9C3BC9B1159F}.Debug|x86.Build.0 = Debug|Any CPU
		{77A7FD92-5EAB-4550-8105-9C3BC9B1159F}.Release|Any CPU.ActiveCfg = Release|Any CPU
		{77A7FD92-5EAB-4550-8105-9C3BC9B1159F}.Release|Any CPU.Build.0 = Release|Any CPU
		{77A7FD92-5EAB-4550-8105-9C3BC9B1159F}.Release|iPhone.ActiveCfg = Release|Any CPU
		{77A7FD92-5EAB-4550-8105-9C3BC9B1159F}.Release|iPhone.Build.0 = Release|Any CPU
		{77A7FD92-5EAB-4550-8105-9C3BC9B1159F}.Release|iPhoneSimulator.ActiveCfg = Release|Any CPU
		{77A7FD92-5EAB-4550-8105-9C3BC9B1159F}.Release|iPhoneSimulator.Build.0 = Release|Any CPU
		{77A7FD92-5EAB-4550-8105-9C3BC9B1159F}.Release|x64.ActiveCfg = Release|Any CPU
		{77A7FD92-5EAB-4550-8105-9C3BC9B1159F}.Release|x64.Build.0 = Release|Any CPU
		{77A7FD92-5EAB-4550-8105-9C3BC9B1159F}.Release|x86.ActiveCfg = Release|Any CPU
		{77A7FD92-5EAB-4550-8105-9C3BC9B1159F}.Release|x86.Build.0 = Release|Any CPU
		{DDF384C7-4597-4408-A7E1-8943C21A77D6}.Ad-Hoc|Any CPU.ActiveCfg = Release|Any CPU
		{DDF384C7-4597-4408-A7E1-8943C21A77D6}.Ad-Hoc|Any CPU.Build.0 = Release|Any CPU
		{DDF384C7-4597-4408-A7E1-8943C21A77D6}.Ad-Hoc|iPhone.ActiveCfg = Release|Any CPU
		{DDF384C7-4597-4408-A7E1-8943C21A77D6}.Ad-Hoc|iPhone.Build.0 = Release|Any CPU
		{DDF384C7-4597-4408-A7E1-8943C21A77D6}.Ad-Hoc|iPhoneSimulator.ActiveCfg = Release|Any CPU
		{DDF384C7-4597-4408-A7E1-8943C21A77D6}.Ad-Hoc|iPhoneSimulator.Build.0 = Release|Any CPU
		{DDF384C7-4597-4408-A7E1-8943C21A77D6}.Ad-Hoc|x64.ActiveCfg = Release|Any CPU
		{DDF384C7-4597-4408-A7E1-8943C21A77D6}.Ad-Hoc|x64.Build.0 = Release|Any CPU
		{DDF384C7-4597-4408-A7E1-8943C21A77D6}.Ad-Hoc|x86.ActiveCfg = Release|Any CPU
		{DDF384C7-4597-4408-A7E1-8943C21A77D6}.Ad-Hoc|x86.Build.0 = Release|Any CPU
		{DDF384C7-4597-4408-A7E1-8943C21A77D6}.AppStore|Any CPU.ActiveCfg = Release|Any CPU
		{DDF384C7-4597-4408-A7E1-8943C21A77D6}.AppStore|Any CPU.Build.0 = Release|Any CPU
		{DDF384C7-4597-4408-A7E1-8943C21A77D6}.AppStore|iPhone.ActiveCfg = Release|Any CPU
		{DDF384C7-4597-4408-A7E1-8943C21A77D6}.AppStore|iPhone.Build.0 = Release|Any CPU
		{DDF384C7-4597-4408-A7E1-8943C21A77D6}.AppStore|iPhoneSimulator.ActiveCfg = Release|Any CPU
		{DDF384C7-4597-4408-A7E1-8943C21A77D6}.AppStore|iPhoneSimulator.Build.0 = Release|Any CPU
		{DDF384C7-4597-4408-A7E1-8943C21A77D6}.AppStore|x64.ActiveCfg = Release|Any CPU
		{DDF384C7-4597-4408-A7E1-8943C21A77D6}.AppStore|x64.Build.0 = Release|Any CPU
		{DDF384C7-4597-4408-A7E1-8943C21A77D6}.AppStore|x86.ActiveCfg = Release|Any CPU
		{DDF384C7-4597-4408-A7E1-8943C21A77D6}.AppStore|x86.Build.0 = Release|Any CPU
		{DDF384C7-4597-4408-A7E1-8943C21A77D6}.Debug|Any CPU.ActiveCfg = Debug|Any CPU
		{DDF384C7-4597-4408-A7E1-8943C21A77D6}.Debug|Any CPU.Build.0 = Debug|Any CPU
		{DDF384C7-4597-4408-A7E1-8943C21A77D6}.Debug|iPhone.ActiveCfg = Debug|Any CPU
		{DDF384C7-4597-4408-A7E1-8943C21A77D6}.Debug|iPhone.Build.0 = Debug|Any CPU
		{DDF384C7-4597-4408-A7E1-8943C21A77D6}.Debug|iPhoneSimulator.ActiveCfg = Debug|Any CPU
		{DDF384C7-4597-4408-A7E1-8943C21A77D6}.Debug|iPhoneSimulator.Build.0 = Debug|Any CPU
		{DDF384C7-4597-4408-A7E1-8943C21A77D6}.Debug|x64.ActiveCfg = Debug|Any CPU
		{DDF384C7-4597-4408-A7E1-8943C21A77D6}.Debug|x64.Build.0 = Debug|Any CPU
		{DDF384C7-4597-4408-A7E1-8943C21A77D6}.Debug|x86.ActiveCfg = Debug|Any CPU
		{DDF384C7-4597-4408-A7E1-8943C21A77D6}.Debug|x86.Build.0 = Debug|Any CPU
		{DDF384C7-4597-4408-A7E1-8943C21A77D6}.Release|Any CPU.ActiveCfg = Release|Any CPU
		{DDF384C7-4597-4408-A7E1-8943C21A77D6}.Release|Any CPU.Build.0 = Release|Any CPU
		{DDF384C7-4597-4408-A7E1-8943C21A77D6}.Release|iPhone.ActiveCfg = Release|Any CPU
		{DDF384C7-4597-4408-A7E1-8943C21A77D6}.Release|iPhone.Build.0 = Release|Any CPU
		{DDF384C7-4597-4408-A7E1-8943C21A77D6}.Release|iPhoneSimulator.ActiveCfg = Release|Any CPU
		{DDF384C7-4597-4408-A7E1-8943C21A77D6}.Release|iPhoneSimulator.Build.0 = Release|Any CPU
		{DDF384C7-4597-4408-A7E1-8943C21A77D6}.Release|x64.ActiveCfg = Release|Any CPU
		{DDF384C7-4597-4408-A7E1-8943C21A77D6}.Release|x64.Build.0 = Release|Any CPU
		{DDF384C7-4597-4408-A7E1-8943C21A77D6}.Release|x86.ActiveCfg = Release|Any CPU
		{DDF384C7-4597-4408-A7E1-8943C21A77D6}.Release|x86.Build.0 = Release|Any CPU
		{624D7652-287B-4B25-BB42-04B90E461DA0}.Ad-Hoc|Any CPU.ActiveCfg = Release|x64
		{624D7652-287B-4B25-BB42-04B90E461DA0}.Ad-Hoc|Any CPU.Build.0 = Release|x64
		{624D7652-287B-4B25-BB42-04B90E461DA0}.Ad-Hoc|Any CPU.Deploy.0 = Release|x64
		{624D7652-287B-4B25-BB42-04B90E461DA0}.Ad-Hoc|iPhone.ActiveCfg = Release|x64
		{624D7652-287B-4B25-BB42-04B90E461DA0}.Ad-Hoc|iPhone.Build.0 = Release|x64
		{624D7652-287B-4B25-BB42-04B90E461DA0}.Ad-Hoc|iPhone.Deploy.0 = Release|x64
		{624D7652-287B-4B25-BB42-04B90E461DA0}.Ad-Hoc|iPhoneSimulator.ActiveCfg = Release|x64
		{624D7652-287B-4B25-BB42-04B90E461DA0}.Ad-Hoc|iPhoneSimulator.Build.0 = Release|x64
		{624D7652-287B-4B25-BB42-04B90E461DA0}.Ad-Hoc|iPhoneSimulator.Deploy.0 = Release|x64
		{624D7652-287B-4B25-BB42-04B90E461DA0}.Ad-Hoc|x64.ActiveCfg = Release|x64
		{624D7652-287B-4B25-BB42-04B90E461DA0}.Ad-Hoc|x64.Build.0 = Release|x64
		{624D7652-287B-4B25-BB42-04B90E461DA0}.Ad-Hoc|x64.Deploy.0 = Release|x64
		{624D7652-287B-4B25-BB42-04B90E461DA0}.Ad-Hoc|x86.ActiveCfg = Release|Win32
		{624D7652-287B-4B25-BB42-04B90E461DA0}.Ad-Hoc|x86.Build.0 = Release|Win32
		{624D7652-287B-4B25-BB42-04B90E461DA0}.Ad-Hoc|x86.Deploy.0 = Release|Win32
		{624D7652-287B-4B25-BB42-04B90E461DA0}.AppStore|Any CPU.ActiveCfg = Release|x64
		{624D7652-287B-4B25-BB42-04B90E461DA0}.AppStore|Any CPU.Build.0 = Release|x64
		{624D7652-287B-4B25-BB42-04B90E461DA0}.AppStore|Any CPU.Deploy.0 = Release|x64
		{624D7652-287B-4B25-BB42-04B90E461DA0}.AppStore|iPhone.ActiveCfg = Release|x64
		{624D7652-287B-4B25-BB42-04B90E461DA0}.AppStore|iPhone.Build.0 = Release|x64
		{624D7652-287B-4B25-BB42-04B90E461DA0}.AppStore|iPhone.Deploy.0 = Release|x64
		{624D7652-287B-4B25-BB42-04B90E461DA0}.AppStore|iPhoneSimulator.ActiveCfg = Release|x64
		{624D7652-287B-4B25-BB42-04B90E461DA0}.AppStore|iPhoneSimulator.Build.0 = Release|x64
		{624D7652-287B-4B25-BB42-04B90E461DA0}.AppStore|iPhoneSimulator.Deploy.0 = Release|x64
		{624D7652-287B-4B25-BB42-04B90E461DA0}.AppStore|x64.ActiveCfg = Release|x64
		{624D7652-287B-4B25-BB42-04B90E461DA0}.AppStore|x64.Build.0 = Release|x64
		{624D7652-287B-4B25-BB42-04B90E461DA0}.AppStore|x64.Deploy.0 = Release|x64
		{624D7652-287B-4B25-BB42-04B90E461DA0}.AppStore|x86.ActiveCfg = Release|Win32
		{624D7652-287B-4B25-BB42-04B90E461DA0}.AppStore|x86.Build.0 = Release|Win32
		{624D7652-287B-4B25-BB42-04B90E461DA0}.AppStore|x86.Deploy.0 = Release|Win32
		{624D7652-287B-4B25-BB42-04B90E461DA0}.Debug|Any CPU.ActiveCfg = Debug|Win32
		{624D7652-287B-4B25-BB42-04B90E461DA0}.Debug|iPhone.ActiveCfg = Debug|Win32
		{624D7652-287B-4B25-BB42-04B90E461DA0}.Debug|iPhoneSimulator.ActiveCfg = Debug|Win32
		{624D7652-287B-4B25-BB42-04B90E461DA0}.Debug|x64.ActiveCfg = Debug|x64
		{624D7652-287B-4B25-BB42-04B90E461DA0}.Debug|x64.Build.0 = Debug|x64
		{624D7652-287B-4B25-BB42-04B90E461DA0}.Debug|x86.ActiveCfg = Debug|Win32
		{624D7652-287B-4B25-BB42-04B90E461DA0}.Debug|x86.Build.0 = Debug|Win32
		{624D7652-287B-4B25-BB42-04B90E461DA0}.Release|Any CPU.ActiveCfg = Release|Win32
		{624D7652-287B-4B25-BB42-04B90E461DA0}.Release|iPhone.ActiveCfg = Release|Win32
		{624D7652-287B-4B25-BB42-04B90E461DA0}.Release|iPhoneSimulator.ActiveCfg = Release|Win32
		{624D7652-287B-4B25-BB42-04B90E461DA0}.Release|x64.ActiveCfg = Release|x64
		{624D7652-287B-4B25-BB42-04B90E461DA0}.Release|x64.Build.0 = Release|x64
		{624D7652-287B-4B25-BB42-04B90E461DA0}.Release|x86.ActiveCfg = Release|Win32
		{624D7652-287B-4B25-BB42-04B90E461DA0}.Release|x86.Build.0 = Release|Win32
		{FC41F373-3059-4EC1-9F36-1449ECC3B065}.Ad-Hoc|Any CPU.ActiveCfg = Release|Any CPU
		{FC41F373-3059-4EC1-9F36-1449ECC3B065}.Ad-Hoc|Any CPU.Build.0 = Release|Any CPU
		{FC41F373-3059-4EC1-9F36-1449ECC3B065}.Ad-Hoc|iPhone.ActiveCfg = Release|Any CPU
		{FC41F373-3059-4EC1-9F36-1449ECC3B065}.Ad-Hoc|iPhone.Build.0 = Release|Any CPU
		{FC41F373-3059-4EC1-9F36-1449ECC3B065}.Ad-Hoc|iPhoneSimulator.ActiveCfg = Release|Any CPU
		{FC41F373-3059-4EC1-9F36-1449ECC3B065}.Ad-Hoc|iPhoneSimulator.Build.0 = Release|Any CPU
		{FC41F373-3059-4EC1-9F36-1449ECC3B065}.Ad-Hoc|x64.ActiveCfg = Release|Any CPU
		{FC41F373-3059-4EC1-9F36-1449ECC3B065}.Ad-Hoc|x64.Build.0 = Release|Any CPU
		{FC41F373-3059-4EC1-9F36-1449ECC3B065}.Ad-Hoc|x86.ActiveCfg = Release|Any CPU
		{FC41F373-3059-4EC1-9F36-1449ECC3B065}.Ad-Hoc|x86.Build.0 = Release|Any CPU
		{FC41F373-3059-4EC1-9F36-1449ECC3B065}.AppStore|Any CPU.ActiveCfg = Release|Any CPU
		{FC41F373-3059-4EC1-9F36-1449ECC3B065}.AppStore|Any CPU.Build.0 = Release|Any CPU
		{FC41F373-3059-4EC1-9F36-1449ECC3B065}.AppStore|iPhone.ActiveCfg = Release|Any CPU
		{FC41F373-3059-4EC1-9F36-1449ECC3B065}.AppStore|iPhone.Build.0 = Release|Any CPU
		{FC41F373-3059-4EC1-9F36-1449ECC3B065}.AppStore|iPhoneSimulator.ActiveCfg = Release|Any CPU
		{FC41F373-3059-4EC1-9F36-1449ECC3B065}.AppStore|iPhoneSimulator.Build.0 = Release|Any CPU
		{FC41F373-3059-4EC1-9F36-1449ECC3B065}.AppStore|x64.ActiveCfg = Release|Any CPU
		{FC41F373-3059-4EC1-9F36-1449ECC3B065}.AppStore|x64.Build.0 = Release|Any CPU
		{FC41F373-3059-4EC1-9F36-1449ECC3B065}.AppStore|x86.ActiveCfg = Release|Any CPU
		{FC41F373-3059-4EC1-9F36-1449ECC3B065}.AppStore|x86.Build.0 = Release|Any CPU
		{FC41F373-3059-4EC1-9F36-1449ECC3B065}.Debug|Any CPU.ActiveCfg = Debug|Any CPU
		{FC41F373-3059-4EC1-9F36-1449ECC3B065}.Debug|Any CPU.Build.0 = Debug|Any CPU
		{FC41F373-3059-4EC1-9F36-1449ECC3B065}.Debug|iPhone.ActiveCfg = Debug|Any CPU
		{FC41F373-3059-4EC1-9F36-1449ECC3B065}.Debug|iPhone.Build.0 = Debug|Any CPU
		{FC41F373-3059-4EC1-9F36-1449ECC3B065}.Debug|iPhoneSimulator.ActiveCfg = Debug|Any CPU
		{FC41F373-3059-4EC1-9F36-1449ECC3B065}.Debug|iPhoneSimulator.Build.0 = Debug|Any CPU
		{FC41F373-3059-4EC1-9F36-1449ECC3B065}.Debug|x64.ActiveCfg = Debug|Any CPU
		{FC41F373-3059-4EC1-9F36-1449ECC3B065}.Debug|x64.Build.0 = Debug|Any CPU
		{FC41F373-3059-4EC1-9F36-1449ECC3B065}.Debug|x86.ActiveCfg = Debug|Any CPU
		{FC41F373-3059-4EC1-9F36-1449ECC3B065}.Debug|x86.Build.0 = Debug|Any CPU
		{FC41F373-3059-4EC1-9F36-1449ECC3B065}.Release|Any CPU.ActiveCfg = Release|Any CPU
		{FC41F373-3059-4EC1-9F36-1449ECC3B065}.Release|Any CPU.Build.0 = Release|Any CPU
		{FC41F373-3059-4EC1-9F36-1449ECC3B065}.Release|iPhone.ActiveCfg = Release|Any CPU
		{FC41F373-3059-4EC1-9F36-1449ECC3B065}.Release|iPhone.Build.0 = Release|Any CPU
		{FC41F373-3059-4EC1-9F36-1449ECC3B065}.Release|iPhoneSimulator.ActiveCfg = Release|Any CPU
		{FC41F373-3059-4EC1-9F36-1449ECC3B065}.Release|iPhoneSimulator.Build.0 = Release|Any CPU
		{FC41F373-3059-4EC1-9F36-1449ECC3B065}.Release|x64.ActiveCfg = Release|Any CPU
		{FC41F373-3059-4EC1-9F36-1449ECC3B065}.Release|x64.Build.0 = Release|Any CPU
		{FC41F373-3059-4EC1-9F36-1449ECC3B065}.Release|x86.ActiveCfg = Release|Any CPU
		{FC41F373-3059-4EC1-9F36-1449ECC3B065}.Release|x86.Build.0 = Release|Any CPU
		{0BD4F1A1-E887-44D3-B2DF-B52780A63AB9}.Ad-Hoc|Any CPU.ActiveCfg = Release|Any CPU
		{0BD4F1A1-E887-44D3-B2DF-B52780A63AB9}.Ad-Hoc|Any CPU.Build.0 = Release|Any CPU
		{0BD4F1A1-E887-44D3-B2DF-B52780A63AB9}.Ad-Hoc|iPhone.ActiveCfg = Release|Any CPU
		{0BD4F1A1-E887-44D3-B2DF-B52780A63AB9}.Ad-Hoc|iPhone.Build.0 = Release|Any CPU
		{0BD4F1A1-E887-44D3-B2DF-B52780A63AB9}.Ad-Hoc|iPhoneSimulator.ActiveCfg = Release|Any CPU
		{0BD4F1A1-E887-44D3-B2DF-B52780A63AB9}.Ad-Hoc|iPhoneSimulator.Build.0 = Release|Any CPU
		{0BD4F1A1-E887-44D3-B2DF-B52780A63AB9}.Ad-Hoc|x64.ActiveCfg = Release|Any CPU
		{0BD4F1A1-E887-44D3-B2DF-B52780A63AB9}.Ad-Hoc|x64.Build.0 = Release|Any CPU
		{0BD4F1A1-E887-44D3-B2DF-B52780A63AB9}.Ad-Hoc|x86.ActiveCfg = Release|Any CPU
		{0BD4F1A1-E887-44D3-B2DF-B52780A63AB9}.Ad-Hoc|x86.Build.0 = Release|Any CPU
		{0BD4F1A1-E887-44D3-B2DF-B52780A63AB9}.AppStore|Any CPU.ActiveCfg = Release|Any CPU
		{0BD4F1A1-E887-44D3-B2DF-B52780A63AB9}.AppStore|Any CPU.Build.0 = Release|Any CPU
		{0BD4F1A1-E887-44D3-B2DF-B52780A63AB9}.AppStore|iPhone.ActiveCfg = Release|Any CPU
		{0BD4F1A1-E887-44D3-B2DF-B52780A63AB9}.AppStore|iPhone.Build.0 = Release|Any CPU
		{0BD4F1A1-E887-44D3-B2DF-B52780A63AB9}.AppStore|iPhoneSimulator.ActiveCfg = Release|Any CPU
		{0BD4F1A1-E887-44D3-B2DF-B52780A63AB9}.AppStore|iPhoneSimulator.Build.0 = Release|Any CPU
		{0BD4F1A1-E887-44D3-B2DF-B52780A63AB9}.AppStore|x64.ActiveCfg = Release|Any CPU
		{0BD4F1A1-E887-44D3-B2DF-B52780A63AB9}.AppStore|x64.Build.0 = Release|Any CPU
		{0BD4F1A1-E887-44D3-B2DF-B52780A63AB9}.AppStore|x86.ActiveCfg = Release|Any CPU
		{0BD4F1A1-E887-44D3-B2DF-B52780A63AB9}.AppStore|x86.Build.0 = Release|Any CPU
		{0BD4F1A1-E887-44D3-B2DF-B52780A63AB9}.Debug|Any CPU.ActiveCfg = Debug|Any CPU
		{0BD4F1A1-E887-44D3-B2DF-B52780A63AB9}.Debug|Any CPU.Build.0 = Debug|Any CPU
		{0BD4F1A1-E887-44D3-B2DF-B52780A63AB9}.Debug|iPhone.ActiveCfg = Debug|Any CPU
		{0BD4F1A1-E887-44D3-B2DF-B52780A63AB9}.Debug|iPhone.Build.0 = Debug|Any CPU
		{0BD4F1A1-E887-44D3-B2DF-B52780A63AB9}.Debug|iPhoneSimulator.ActiveCfg = Debug|Any CPU
		{0BD4F1A1-E887-44D3-B2DF-B52780A63AB9}.Debug|iPhoneSimulator.Build.0 = Debug|Any CPU
		{0BD4F1A1-E887-44D3-B2DF-B52780A63AB9}.Debug|x64.ActiveCfg = Debug|Any CPU
		{0BD4F1A1-E887-44D3-B2DF-B52780A63AB9}.Debug|x64.Build.0 = Debug|Any CPU
		{0BD4F1A1-E887-44D3-B2DF-B52780A63AB9}.Debug|x86.ActiveCfg = Debug|Any CPU
		{0BD4F1A1-E887-44D3-B2DF-B52780A63AB9}.Debug|x86.Build.0 = Debug|Any CPU
		{0BD4F1A1-E887-44D3-B2DF-B52780A63AB9}.Release|Any CPU.ActiveCfg = Release|Any CPU
		{0BD4F1A1-E887-44D3-B2DF-B52780A63AB9}.Release|Any CPU.Build.0 = Release|Any CPU
		{0BD4F1A1-E887-44D3-B2DF-B52780A63AB9}.Release|iPhone.ActiveCfg = Release|Any CPU
		{0BD4F1A1-E887-44D3-B2DF-B52780A63AB9}.Release|iPhone.Build.0 = Release|Any CPU
		{0BD4F1A1-E887-44D3-B2DF-B52780A63AB9}.Release|iPhoneSimulator.ActiveCfg = Release|Any CPU
		{0BD4F1A1-E887-44D3-B2DF-B52780A63AB9}.Release|iPhoneSimulator.Build.0 = Release|Any CPU
		{0BD4F1A1-E887-44D3-B2DF-B52780A63AB9}.Release|x64.ActiveCfg = Release|Any CPU
		{0BD4F1A1-E887-44D3-B2DF-B52780A63AB9}.Release|x64.Build.0 = Release|Any CPU
		{0BD4F1A1-E887-44D3-B2DF-B52780A63AB9}.Release|x86.ActiveCfg = Release|Any CPU
		{0BD4F1A1-E887-44D3-B2DF-B52780A63AB9}.Release|x86.Build.0 = Release|Any CPU
		{00DFD198-B4B4-40F0-B0AB-56DFF19B5A51}.Ad-Hoc|Any CPU.ActiveCfg = Release|x64
		{00DFD198-B4B4-40F0-B0AB-56DFF19B5A51}.Ad-Hoc|Any CPU.Build.0 = Release|x64
		{00DFD198-B4B4-40F0-B0AB-56DFF19B5A51}.Ad-Hoc|Any CPU.Deploy.0 = Release|x64
		{00DFD198-B4B4-40F0-B0AB-56DFF19B5A51}.Ad-Hoc|iPhone.ActiveCfg = Release|x64
		{00DFD198-B4B4-40F0-B0AB-56DFF19B5A51}.Ad-Hoc|iPhone.Build.0 = Release|x64
		{00DFD198-B4B4-40F0-B0AB-56DFF19B5A51}.Ad-Hoc|iPhone.Deploy.0 = Release|x64
		{00DFD198-B4B4-40F0-B0AB-56DFF19B5A51}.Ad-Hoc|iPhoneSimulator.ActiveCfg = Release|x64
		{00DFD198-B4B4-40F0-B0AB-56DFF19B5A51}.Ad-Hoc|iPhoneSimulator.Build.0 = Release|x64
		{00DFD198-B4B4-40F0-B0AB-56DFF19B5A51}.Ad-Hoc|iPhoneSimulator.Deploy.0 = Release|x64
		{00DFD198-B4B4-40F0-B0AB-56DFF19B5A51}.Ad-Hoc|x64.ActiveCfg = Release|x64
		{00DFD198-B4B4-40F0-B0AB-56DFF19B5A51}.Ad-Hoc|x64.Build.0 = Release|x64
		{00DFD198-B4B4-40F0-B0AB-56DFF19B5A51}.Ad-Hoc|x64.Deploy.0 = Release|x64
		{00DFD198-B4B4-40F0-B0AB-56DFF19B5A51}.Ad-Hoc|x86.ActiveCfg = Release|Win32
		{00DFD198-B4B4-40F0-B0AB-56DFF19B5A51}.Ad-Hoc|x86.Build.0 = Release|Win32
		{00DFD198-B4B4-40F0-B0AB-56DFF19B5A51}.Ad-Hoc|x86.Deploy.0 = Release|Win32
		{00DFD198-B4B4-40F0-B0AB-56DFF19B5A51}.AppStore|Any CPU.ActiveCfg = Release|x64
		{00DFD198-B4B4-40F0-B0AB-56DFF19B5A51}.AppStore|Any CPU.Build.0 = Release|x64
		{00DFD198-B4B4-40F0-B0AB-56DFF19B5A51}.AppStore|Any CPU.Deploy.0 = Release|x64
		{00DFD198-B4B4-40F0-B0AB-56DFF19B5A51}.AppStore|iPhone.ActiveCfg = Release|x64
		{00DFD198-B4B4-40F0-B0AB-56DFF19B5A51}.AppStore|iPhone.Build.0 = Release|x64
		{00DFD198-B4B4-40F0-B0AB-56DFF19B5A51}.AppStore|iPhone.Deploy.0 = Release|x64
		{00DFD198-B4B4-40F0-B0AB-56DFF19B5A51}.AppStore|iPhoneSimulator.ActiveCfg = Release|x64
		{00DFD198-B4B4-40F0-B0AB-56DFF19B5A51}.AppStore|iPhoneSimulator.Build.0 = Release|x64
		{00DFD198-B4B4-40F0-B0AB-56DFF19B5A51}.AppStore|iPhoneSimulator.Deploy.0 = Release|x64
		{00DFD198-B4B4-40F0-B0AB-56DFF19B5A51}.AppStore|x64.ActiveCfg = Release|x64
		{00DFD198-B4B4-40F0-B0AB-56DFF19B5A51}.AppStore|x64.Build.0 = Release|x64
		{00DFD198-B4B4-40F0-B0AB-56DFF19B5A51}.AppStore|x64.Deploy.0 = Release|x64
		{00DFD198-B4B4-40F0-B0AB-56DFF19B5A51}.AppStore|x86.ActiveCfg = Release|Win32
		{00DFD198-B4B4-40F0-B0AB-56DFF19B5A51}.AppStore|x86.Build.0 = Release|Win32
		{00DFD198-B4B4-40F0-B0AB-56DFF19B5A51}.AppStore|x86.Deploy.0 = Release|Win32
		{00DFD198-B4B4-40F0-B0AB-56DFF19B5A51}.Debug|Any CPU.ActiveCfg = Debug|Win32
		{00DFD198-B4B4-40F0-B0AB-56DFF19B5A51}.Debug|iPhone.ActiveCfg = Debug|Win32
		{00DFD198-B4B4-40F0-B0AB-56DFF19B5A51}.Debug|iPhoneSimulator.ActiveCfg = Debug|Win32
		{00DFD198-B4B4-40F0-B0AB-56DFF19B5A51}.Debug|x64.ActiveCfg = Debug|x64
		{00DFD198-B4B4-40F0-B0AB-56DFF19B5A51}.Debug|x64.Build.0 = Debug|x64
		{00DFD198-B4B4-40F0-B0AB-56DFF19B5A51}.Debug|x86.ActiveCfg = Debug|Win32
		{00DFD198-B4B4-40F0-B0AB-56DFF19B5A51}.Debug|x86.Build.0 = Debug|Win32
		{00DFD198-B4B4-40F0-B0AB-56DFF19B5A51}.Release|Any CPU.ActiveCfg = Release|Win32
		{00DFD198-B4B4-40F0-B0AB-56DFF19B5A51}.Release|iPhone.ActiveCfg = Release|Win32
		{00DFD198-B4B4-40F0-B0AB-56DFF19B5A51}.Release|iPhoneSimulator.ActiveCfg = Release|Win32
		{00DFD198-B4B4-40F0-B0AB-56DFF19B5A51}.Release|x64.ActiveCfg = Release|x64
		{00DFD198-B4B4-40F0-B0AB-56DFF19B5A51}.Release|x64.Build.0 = Release|x64
		{00DFD198-B4B4-40F0-B0AB-56DFF19B5A51}.Release|x86.ActiveCfg = Release|Win32
		{00DFD198-B4B4-40F0-B0AB-56DFF19B5A51}.Release|x86.Build.0 = Release|Win32
		{9D28B2BB-AF5C-476B-B7B2-D90BDC764FA1}.Ad-Hoc|Any CPU.ActiveCfg = Ad-Hoc|iPhone
		{9D28B2BB-AF5C-476B-B7B2-D90BDC764FA1}.Ad-Hoc|iPhone.ActiveCfg = Ad-Hoc|iPhone
		{9D28B2BB-AF5C-476B-B7B2-D90BDC764FA1}.Ad-Hoc|iPhone.Build.0 = Ad-Hoc|iPhone
		{9D28B2BB-AF5C-476B-B7B2-D90BDC764FA1}.Ad-Hoc|iPhoneSimulator.ActiveCfg = Ad-Hoc|iPhoneSimulator
		{9D28B2BB-AF5C-476B-B7B2-D90BDC764FA1}.Ad-Hoc|iPhoneSimulator.Build.0 = Ad-Hoc|iPhoneSimulator
		{9D28B2BB-AF5C-476B-B7B2-D90BDC764FA1}.Ad-Hoc|x64.ActiveCfg = Ad-Hoc|iPhone
		{9D28B2BB-AF5C-476B-B7B2-D90BDC764FA1}.Ad-Hoc|x86.ActiveCfg = Ad-Hoc|iPhone
		{9D28B2BB-AF5C-476B-B7B2-D90BDC764FA1}.AppStore|Any CPU.ActiveCfg = AppStore|iPhone
		{9D28B2BB-AF5C-476B-B7B2-D90BDC764FA1}.AppStore|iPhone.ActiveCfg = AppStore|iPhone
		{9D28B2BB-AF5C-476B-B7B2-D90BDC764FA1}.AppStore|iPhone.Build.0 = AppStore|iPhone
		{9D28B2BB-AF5C-476B-B7B2-D90BDC764FA1}.AppStore|iPhoneSimulator.ActiveCfg = AppStore|iPhoneSimulator
		{9D28B2BB-AF5C-476B-B7B2-D90BDC764FA1}.AppStore|iPhoneSimulator.Build.0 = AppStore|iPhoneSimulator
		{9D28B2BB-AF5C-476B-B7B2-D90BDC764FA1}.AppStore|x64.ActiveCfg = AppStore|iPhone
		{9D28B2BB-AF5C-476B-B7B2-D90BDC764FA1}.AppStore|x86.ActiveCfg = AppStore|iPhone
		{9D28B2BB-AF5C-476B-B7B2-D90BDC764FA1}.Debug|Any CPU.ActiveCfg = Debug|iPhone
		{9D28B2BB-AF5C-476B-B7B2-D90BDC764FA1}.Debug|iPhone.ActiveCfg = Debug|iPhone
		{9D28B2BB-AF5C-476B-B7B2-D90BDC764FA1}.Debug|iPhone.Build.0 = Debug|iPhone
		{9D28B2BB-AF5C-476B-B7B2-D90BDC764FA1}.Debug|iPhoneSimulator.ActiveCfg = Debug|iPhoneSimulator
		{9D28B2BB-AF5C-476B-B7B2-D90BDC764FA1}.Debug|iPhoneSimulator.Build.0 = Debug|iPhoneSimulator
		{9D28B2BB-AF5C-476B-B7B2-D90BDC764FA1}.Debug|x64.ActiveCfg = Debug|iPhone
		{9D28B2BB-AF5C-476B-B7B2-D90BDC764FA1}.Debug|x86.ActiveCfg = Debug|iPhone
		{9D28B2BB-AF5C-476B-B7B2-D90BDC764FA1}.Release|Any CPU.ActiveCfg = Release|iPhone
		{9D28B2BB-AF5C-476B-B7B2-D90BDC764FA1}.Release|iPhone.ActiveCfg = Release|iPhone
		{9D28B2BB-AF5C-476B-B7B2-D90BDC764FA1}.Release|iPhone.Build.0 = Release|iPhone
		{9D28B2BB-AF5C-476B-B7B2-D90BDC764FA1}.Release|iPhoneSimulator.ActiveCfg = Release|iPhoneSimulator
		{9D28B2BB-AF5C-476B-B7B2-D90BDC764FA1}.Release|iPhoneSimulator.Build.0 = Release|iPhoneSimulator
		{9D28B2BB-AF5C-476B-B7B2-D90BDC764FA1}.Release|x64.ActiveCfg = Release|iPhone
		{9D28B2BB-AF5C-476B-B7B2-D90BDC764FA1}.Release|x86.ActiveCfg = Release|iPhone
	EndGlobalSection
	GlobalSection(SolutionProperties) = preSolution
		HideSolutionNode = FALSE
	EndGlobalSection
	GlobalSection(ExtensibilityGlobals) = postSolution
		SolutionGuid = {33B6E8C0-1F29-423C-8FCE-F89BBD68A975}
	EndGlobalSection
EndGlobal
